amsfonts 77682
amsmath 79234
atveryend 79461
babel 80223
bibtex 77830
chemfig 80145
circuitikz 80247
cm 57963
collection-basic 72890
colorprofiles 49086
dehyph 48599
dvipdfmx 78409
dvips 77830
dvisvgm 77830
ec 25033
enctex 34957
epstopdf 71782
epstopdf-pkg 79461
etex 77830
etex-pkg 77682
extractbb 77855
firstaid 79234
fp 79618
glyphlist 54074
graphics 79234
graphics-cfg 41448
graphics-def 76719
hyph-utf8 79618
hyphen-base 78076
hyphenex 57387
ifplatform 77682
iftex 77682
knuth-lib 57963
knuth-local 57963
kpathsea 79498
l3kernel 80015
latex 79618
latex-bin 80015
latex-fonts 79618
latexconfig 68923
lm 77682
lua-alt-getopt 78415
lua-uni-algos 76195
luahbtex 77830
lualibs 78415
luaotfload 74324
luatex 78218
makeindex 75712
metafont 77830
mflogo 79618
mfware 77830
modes 77365
pdftex 79618
pdftexcmds 79461
pgf 79866
pgfplots 80105
plain 75712
scheme-minimal 54191
simplekv 77682
tex 77830
tex-ini-files 78524
texlive-common 79648
texlive-en 79177
texlive-msg-translations 79983
texlive-scripts 80267
texlive-scripts-extra 78162
texlive.infra 79982
tikz-cd 77682
tlshell 78053
tools 79234
unicode-data 79913
xcolor 77682
xdvi 79618
xstring 77682
