amsfonts 77682
amsmath 78101
atveryend 77682
babel 77829
chemfig 77682
circuitikz 77600
cm 57963
dehyph 48599
dvisvgm 77830
dvisvgm.x86_64-linux 77966
etex 77830
firstaid 76740
fp 77682
graphics 75374
graphics-cfg 41448
graphics-def 76719
hyph-utf8 78069
hyphen-base 78076
knuth-lib 57963
kpathsea 77861
kpathsea.x86_64-linux 77900
l3backend 76924
l3kernel 77438
latex 76924
latex-bin 77830
latex-bin.x86_64-linux 54018
latex-fonts 28888
latexconfig 68923
lm 77682
lua-alt-getopt 56414
lua-uni-algos 76195
luahbtex 77830
luahbtex.x86_64-linux 78022
lualibs 67994
luaotfload 74324
luaotfload.x86_64-linux 34647
luatex 78218
luatex.x86_64-linux 78022
pdftex 77868
pdftex.x86_64-linux 78082
pdftexcmds 77682
pgf 78101
pgfplots 77682
plain 75712
scheme-infraonly 54191
tex-ini-files 73863
texlive-scripts 78213
texlive-scripts.x86_64-linux 64356
texlive.infra 78218
texlive.infra.x86_64-linux 70811
tikz-cd 77682
unicode-data 76413
xcolor 77682
xstring 77682
